<?xml version="1.0" encoding="UTF-8"?>
<CONFIG>
  <ProjectOptions>
    <Version Value="13"/>
    <PathDelim Value="\"/>
    <General>
      <SessionStorage Value="InProjectDir"/>
      <Title Value="BitmapTestProject"/>
      <ResourceType Value="res"/>
      <UseXPManifest Value="True"/>
      <Icon Value="0"/>
    </General>
    <MacroValues Count="1">
      <Macro1 Name="Default"/>
    </MacroValues>
    <BuildModes>
      <Item Name="Default" Default="True"/>
      <Item Name="Debug">
        <CompilerOptions>
          <Version Value="11"/>
          <PathDelim Value="\"/>
          <Target>
            <Filename Value="BitmapTestProject"/>
          </Target>
          <SearchPaths>
            <IncludeFiles Value="$(ProjOutDir);..\common"/>
            <OtherUnitFiles Value="..\common"/>
            <UnitOutputDirectory Value="lib\$(TargetCPU)-$(TargetOS)"/>
          </SearchPaths>
          <Parsing>
            <SyntaxOptions>
              <IncludeAssertionCode Value="True"/>
            </SyntaxOptions>
          </Parsing>
          <CodeGeneration>
            <Checks>
              <IOChecks Value="True"/>
              <RangeChecks Value="True"/>
              <OverflowChecks Value="True"/>
              <StackChecks Value="True"/>
            </Checks>
            <VerifyObjMethodCallValidity Value="True"/>
          </CodeGeneration>
          <Linking>
            <Debugging>
              <DebugInfoType Value="dsDwarf3"/>
              <TrashVariables Value="True"/>
            </Debugging>
            <Options>
              <Win32>
                <GraphicApplication Value="True"/>
              </Win32>
            </Options>
          </Linking>
        </CompilerOptions>
      </Item>
      <Item Name="Release">
        <CompilerOptions>
          <Version Value="11"/>
          <PathDelim Value="\"/>
          <Target>
            <Filename Value="BitmapTestProject"/>
          </Target>
          <SearchPaths>
            <IncludeFiles Value="$(ProjOutDir);..\common"/>
            <OtherUnitFiles Value="..\common"/>
            <UnitOutputDirectory Value="lib\$(TargetCPU)-$(TargetOS)"/>
          </SearchPaths>
          <CodeGeneration>
            <SmartLinkUnit Value="True"/>
            <Optimizations>
              <OptimizationLevel Value="3"/>
            </Optimizations>
          </CodeGeneration>
          <Linking>
            <Debugging>
              <GenerateDebugInfo Value="False"/>
              <RunWithoutDebug Value="True"/>
              <StripSymbols Value="True"/>
            </Debugging>
            <LinkSmart Value="True"/>
            <Options>
              <Win32>
                <GraphicApplication Value="True"/>
              </Win32>
            </Options>
          </Linking>
        </CompilerOptions>
      </Item>
      <Item Name="gtk2">
        <MacroValues Count="1">
          <Macro2 Name="LCLWidgetType" Value="gtk2"/>
        </MacroValues>
        <CompilerOptions>
          <Version Value="11"/>
          <PathDelim Value="\"/>
          <Target>
            <Filename Value="BitmapTestProject"/>
          </Target>
          <SearchPaths>
            <IncludeFiles Value="$(ProjOutDir);..\common"/>
            <OtherUnitFiles Value="..\common"/>
            <UnitOutputDirectory Value="lib\$(TargetCPU)-$(TargetOS)"/>
          </SearchPaths>
          <Parsing>
            <SyntaxOptions>
              <IncludeAssertionCode Value="True"/>
            </SyntaxOptions>
          </Parsing>
          <CodeGeneration>
            <Checks>
              <IOChecks Value="True"/>
              <RangeChecks Value="True"/>
              <OverflowChecks Value="True"/>
              <StackChecks Value="True"/>
            </Checks>
            <VerifyObjMethodCallValidity Value="True"/>
          </CodeGeneration>
          <Linking>
            <Debugging>
              <DebugInfoType Value="dsDwarf3"/>
              <TrashVariables Value="True"/>
            </Debugging>
            <Options>
              <Win32>
                <GraphicApplication Value="True"/>
              </Win32>
            </Options>
          </Linking>
        </CompilerOptions>
      </Item>
      <Item Name="gtk3">
        <MacroValues Count="1">
          <Macro3 Name="LCLWidgetType" Value="gtk3"/>
        </MacroValues>
        <CompilerOptions>
          <Version Value="11"/>
          <PathDelim Value="\"/>
          <Target>
            <Filename Value="BitmapTestProject"/>
          </Target>
          <SearchPaths>
            <IncludeFiles Value="$(ProjOutDir);..\common"/>
            <OtherUnitFiles Value="..\common"/>
            <UnitOutputDirectory Value="lib\$(TargetCPU)-$(TargetOS)"/>
          </SearchPaths>
          <Parsing>
            <SyntaxOptions>
              <IncludeAssertionCode Value="True"/>
            </SyntaxOptions>
          </Parsing>
          <CodeGeneration>
            <Checks>
              <IOChecks Value="True"/>
              <RangeChecks Value="True"/>
              <OverflowChecks Value="True"/>
              <StackChecks Value="True"/>
            </Checks>
            <VerifyObjMethodCallValidity Value="True"/>
          </CodeGeneration>
          <Linking>
            <Debugging>
              <DebugInfoType Value="dsDwarf3"/>
              <TrashVariables Value="True"/>
            </Debugging>
            <Options>
              <Win32>
                <GraphicApplication Value="True"/>
              </Win32>
            </Options>
          </Linking>
        </CompilerOptions>
      </Item>
      <Item Name="qt">
        <MacroValues Count="1">
          <Macro4 Name="LCLWidgetType" Value="qt"/>
        </MacroValues>
        <CompilerOptions>
          <Version Value="11"/>
          <PathDelim Value="\"/>
          <Target>
            <Filename Value="BitmapTestProject"/>
          </Target>
          <SearchPaths>
            <IncludeFiles Value="$(ProjOutDir);..\common"/>
            <OtherUnitFiles Value="..\common"/>
            <UnitOutputDirectory Value="lib\$(TargetCPU)-$(TargetOS)"/>
          </SearchPaths>
          <Parsing>
            <SyntaxOptions>
              <IncludeAssertionCode Value="True"/>
            </SyntaxOptions>
          </Parsing>
          <CodeGeneration>
            <Checks>
              <IOChecks Value="True"/>
              <RangeChecks Value="True"/>
              <OverflowChecks Value="True"/>
              <StackChecks Value="True"/>
            </Checks>
            <VerifyObjMethodCallValidity Value="True"/>
          </CodeGeneration>
          <Linking>
            <Debugging>
              <DebugInfoType Value="dsDwarf3"/>
              <TrashVariables Value="True"/>
            </Debugging>
            <Options>
              <Win32>
                <GraphicApplication Value="True"/>
              </Win32>
            </Options>
          </Linking>
        </CompilerOptions>
      </Item>
      <Item Name="qt5">
        <MacroValues Count="1">
          <Macro5 Name="LCLWidgetType" Value="qt5"/>
        </MacroValues>
        <CompilerOptions>
          <Version Value="11"/>
          <PathDelim Value="\"/>
          <Target>
            <Filename Value="BitmapTestProject"/>
          </Target>
          <SearchPaths>
            <IncludeFiles Value="$(ProjOutDir);..\common"/>
            <OtherUnitFiles Value="..\common"/>
            <UnitOutputDirectory Value="lib\$(TargetCPU)-$(TargetOS)"/>
          </SearchPaths>
          <Parsing>
            <SyntaxOptions>
              <IncludeAssertionCode Value="True"/>
            </SyntaxOptions>
          </Parsing>
          <CodeGeneration>
            <Checks>
              <IOChecks Value="True"/>
              <RangeChecks Value="True"/>
              <OverflowChecks Value="True"/>
              <StackChecks Value="True"/>
            </Checks>
            <VerifyObjMethodCallValidity Value="True"/>
          </CodeGeneration>
          <Linking>
            <Debugging>
              <DebugInfoType Value="dsDwarf3"/>
              <TrashVariables Value="True"/>
            </Debugging>
            <Options>
              <Win32>
                <GraphicApplication Value="True"/>
              </Win32>
            </Options>
          </Linking>
        </CompilerOptions>
      </Item>
      <Item Name="qt6">
        <MacroValues Count="1">
          <Macro6 Name="LCLWidgetType" Value="qt6"/>
        </MacroValues>
        <CompilerOptions>
          <Version Value="11"/>
          <PathDelim Value="\"/>
          <Target>
            <Filename Value="BitmapTestProject"/>
          </Target>
          <SearchPaths>
            <IncludeFiles Value="$(ProjOutDir);..\common"/>
            <OtherUnitFiles Value="..\common"/>
            <UnitOutputDirectory Value="lib\$(TargetCPU)-$(TargetOS)"/>
          </SearchPaths>
          <Parsing>
            <SyntaxOptions>
              <IncludeAssertionCode Value="True"/>
            </SyntaxOptions>
          </Parsing>
          <CodeGeneration>
            <Checks>
              <IOChecks Value="True"/>
              <RangeChecks Value="True"/>
              <OverflowChecks Value="True"/>
              <StackChecks Value="True"/>
            </Checks>
            <VerifyObjMethodCallValidity Value="True"/>
          </CodeGeneration>
          <Linking>
            <Debugging>
              <DebugInfoType Value="dsDwarf3"/>
              <TrashVariables Value="True"/>
            </Debugging>
            <Options>
              <Win32>
                <GraphicApplication Value="True"/>
              </Win32>
            </Options>
          </Linking>
        </CompilerOptions>
      </Item>
      <Item Name="cocoa">
        <MacroValues Count="1">
          <Macro7 Name="LCLWidgetType" Value="cocoa"/>
        </MacroValues>
        <CompilerOptions>
          <Version Value="11"/>
          <PathDelim Value="\"/>
          <Target>
            <Filename Value="BitmapTestProject"/>
          </Target>
          <SearchPaths>
            <IncludeFiles Value="$(ProjOutDir);..\common"/>
            <OtherUnitFiles Value="..\common"/>
            <UnitOutputDirectory Value="lib\$(TargetCPU)-$(TargetOS)"/>
          </SearchPaths>
          <Parsing>
            <SyntaxOptions>
              <IncludeAssertionCode Value="True"/>
            </SyntaxOptions>
          </Parsing>
          <CodeGeneration>
            <Checks>
              <IOChecks Value="True"/>
              <RangeChecks Value="True"/>
              <OverflowChecks Value="True"/>
              <StackChecks Value="True"/>
            </Checks>
            <VerifyObjMethodCallValidity Value="True"/>
          </CodeGeneration>
          <Linking>
            <Debugging>
              <DebugInfoType Value="dsDwarf3"/>
              <TrashVariables Value="True"/>
            </Debugging>
            <Options>
              <Win32>
                <GraphicApplication Value="True"/>
              </Win32>
            </Options>
          </Linking>
        </CompilerOptions>
      </Item>
      <Item Name="win32/64">
        <MacroValues Count="1">
          <Macro8 Name="LCLWidgetType" Value="win32"/>
        </MacroValues>
        <CompilerOptions>
          <Version Value="11"/>
          <PathDelim Value="\"/>
          <Target>
            <Filename Value="BitmapTestProject"/>
          </Target>
          <SearchPaths>
            <IncludeFiles Value="$(ProjOutDir);..\common"/>
            <OtherUnitFiles Value="..\common"/>
            <UnitOutputDirectory Value="lib\$(TargetCPU)-$(TargetOS)"/>
          </SearchPaths>
          <Parsing>
            <SyntaxOptions>
              <IncludeAssertionCode Value="True"/>
            </SyntaxOptions>
          </Parsing>
          <CodeGeneration>
            <Checks>
              <IOChecks Value="True"/>
              <RangeChecks Value="True"/>
              <OverflowChecks Value="True"/>
              <StackChecks Value="True"/>
            </Checks>
            <VerifyObjMethodCallValidity Value="True"/>
          </CodeGeneration>
          <Linking>
            <Debugging>
              <DebugInfoType Value="dsDwarf3"/>
            </Debugging>
            <Options>
              <Win32>
                <GraphicApplication Value="True"/>
              </Win32>
            </Options>
          </Linking>
        </CompilerOptions>
      </Item>
      <SharedMatrixOptions Count="8">
        <Item1 ID="854189974301" Modes="Default" Type="IDEMacro" MacroName="Default"/>
        <Item2 ID="761812875928" Modes="gtk2" Type="IDEMacro" MacroName="LCLWidgetType" Value="gtk2"/>
        <Item3 ID="614641534792" Modes="gtk3" Type="IDEMacro" MacroName="LCLWidgetType" Value="gtk3"/>
        <Item4 ID="158420095993" Modes="qt" Type="IDEMacro" MacroName="LCLWidgetType" Value="qt"/>
        <Item5 ID="750551391027" Modes="qt5" Type="IDEMacro" MacroName="LCLWidgetType" Value="qt5"/>
        <Item6 ID="107013169425" Modes="qt6" Type="IDEMacro" MacroName="LCLWidgetType" Value="qt6"/>
        <Item7 ID="921044136422" Modes="cocoa" Type="IDEMacro" MacroName="LCLWidgetType" Value="cocoa"/>
        <Item8 ID="950605295959" Modes="win32/64" Type="IDEMacro" MacroName="LCLWidgetType" Value="win32"/>
      </SharedMatrixOptions>
    </BuildModes>
    <PublishOptions>
      <Version Value="2"/>
      <UseFileFilters Value="True"/>
    </PublishOptions>
    <RunParams>
      <FormatVersion Value="2"/>
    </RunParams>
    <RequiredPackages>
      <Item>
        <PackageName Value="fpcunittestrunner"/>
      </Item>
      <Item>
        <PackageName Value="LCL"/>
      </Item>
      <Item>
        <PackageName Value="FCL"/>
      </Item>
    </RequiredPackages>
    <Units>
      <Unit>
        <Filename Value="BitmapTestProject.lpr"/>
      </Unit>
      <Unit>
        <Filename Value="..\common\BitmapTransparentTests.pas"/>
      </Unit>
      <Unit>
        <Filename Value="..\common\tests_32bit_transparent.inc"/>
      </Unit>
      <Unit>
        <Filename Value="..\common\tests_24bit_transparent.inc"/>
      </Unit>
      <Unit>
        <Filename Value="..\common\tests_24bit_t_tcolor.inc"/>
      </Unit>
      <Unit>
        <Filename Value="..\common\tests_24bit_tcolor_t.inc"/>
      </Unit>
      <Unit>
        <Filename Value="..\common\tests_24bit_t_tmode_tcolor.inc"/>
      </Unit>
      <Unit>
        <Filename Value="..\common\tests_24bit_tmode_tcolor_t.inc"/>
      </Unit>
      <Unit>
        <Filename Value="..\common\tests_24bit_tmode_t_tcolor.inc"/>
      </Unit>
      <Unit>
        <Filename Value="..\common\tests_not_transparent.inc"/>
      </Unit>
      <Unit>
        <Filename Value="..\common\tests_32bit_t_tcolor.inc"/>
      </Unit>
      <Unit>
        <Filename Value="..\common\tests_32bit_tcolor_t.inc"/>
      </Unit>
    </Units>
  </ProjectOptions>
  <CompilerOptions>
    <Version Value="11"/>
    <PathDelim Value="\"/>
    <Target>
      <Filename Value="BitmapTestProject"/>
    </Target>
    <SearchPaths>
      <IncludeFiles Value="$(ProjOutDir);..\common"/>
      <OtherUnitFiles Value="..\common"/>
      <UnitOutputDirectory Value="lib\$(TargetCPU)-$(TargetOS)"/>
    </SearchPaths>
    <Linking>
      <Debugging>
        <DebugInfoType Value="dsDwarf3"/>
      </Debugging>
      <Options>
        <Win32>
          <GraphicApplication Value="True"/>
        </Win32>
      </Options>
    </Linking>
  </CompilerOptions>
  <Debugging>
    <Exceptions>
      <Item>
        <Name Value="EAbort"/>
      </Item>
      <Item>
        <Name Value="ECodetoolError"/>
      </Item>
      <Item>
        <Name Value="EFOpenError"/>
      </Item>
      <Item>
        <Name Value="EAssertionFailedError"/>
      </Item>
    </Exceptions>
  </Debugging>
</CONFIG>
